
Microsoft Visual Studio Solution File, Format Version 12.00
# Visual Studio Version 16
VisualStudioVersion = 16.0.29326.143
MinimumVisualStudioVersion = 10.0.40219.1
Project("{FAE04EC0-301F-11D3-BF4B-00C04F79EFBC}") = "ServerlessEventStore", "ServerlessEventStore.csproj", "{7E8EF663-1FE0-4A76-807A-30631395B3C7}"
EndProject
Global
	GlobalSection(SolutionConfigurationPlatforms) = preSolution
		Debug|Any CPU = Debug|Any CPU
		Release|Any CPU = Release|Any CPU
	EndGlobalSection
	GlobalSection(ProjectConfigurationPlatforms) = postSolution
		{7E8EF663-1FE0-4A76-807A-30631395B3C7}.Debug|Any CPU.ActiveCfg = Debug|Any CPU
		{7E8EF663-1FE0-4A76-807A-30631395B3C7}.Debug|Any CPU.Build.0 = Debug|Any CPU
		{7E8EF663-1FE0-4A76-807A-30631395B3C7}.Release|Any CPU.ActiveCfg = Release|Any CPU
		{7E8EF663-1FE0-4A76-807A-30631395B3C7}.Release|Any CPU.Build.0 = Release|Any CPU
	EndGlobalSection
	GlobalSection(SolutionProperties) = preSolution
		HideSolutionNode = FALSE
	EndGlobalSection
	GlobalSection(ExtensibilityGlobals) = postSolution
		SolutionGuid = {D9A5EA94-CEC0-4ABF-8A31-EBC0E8B38BE3}
	EndGlobalSection
EndGlobal
